
Microsoft Visual Studio Solution File, Format Version 12.00
# Visual Studio 15
VisualStudioVersion = 15.0.28307.572
MinimumVisualStudioVersion = 10.0.40219.1
Project("{FAE04EC0-301F-11D3-BF4B-00C04F79EFBC}") = "Client", "Client\Client.csproj", "{9CCCFAC6-9789-41A0-B96A-F1702DFF1A6A}"
EndProject
Project("{FAE04EC0-301F-11D3-BF4B-00C04F79EFBC}") = "Cognito-token-validator", "Cognito-token-validator\Cognito-token-validator.csproj", "{C3388B78-5A2E-4FF5-8482-AE90FDA60599}"
EndProject
Global
	GlobalSection(SolutionConfigurationPlatforms) = preSolution
		Debug|Any CPU = Debug|Any CPU
		Release|Any CPU = Release|Any CPU
	EndGlobalSection
	GlobalSection(ProjectConfigurationPlatforms) = postSolution
		{9CCCFAC6-9789-41A0-B96A-F1702DFF1A6A}.Debug|Any CPU.ActiveCfg = Debug|Any CPU
		{9CCCFAC6-9789-41A0-B96A-F1702DFF1A6A}.Debug|Any CPU.Build.0 = Debug|Any CPU
		{9CCCFAC6-9789-41A0-B96A-F1702DFF1A6A}.Release|Any CPU.ActiveCfg = Release|Any CPU
		{9CCCFAC6-9789-41A0-B96A-F1702DFF1A6A}.Release|Any CPU.Build.0 = Release|Any CPU
		{C3388B78-5A2E-4FF5-8482-AE90FDA60599}.Debug|Any CPU.ActiveCfg = Debug|Any CPU
		{C3388B78-5A2E-4FF5-8482-AE90FDA60599}.Debug|Any CPU.Build.0 = Debug|Any CPU
		{C3388B78-5A2E-4FF5-8482-AE90FDA60599}.Release|Any CPU.ActiveCfg = Release|Any CPU
		{C3388B78-5A2E-4FF5-8482-AE90FDA60599}.Release|Any CPU.Build.0 = Release|Any CPU
	EndGlobalSection
	GlobalSection(SolutionProperties) = preSolution
		HideSolutionNode = FALSE
	EndGlobalSection
	GlobalSection(ExtensibilityGlobals) = postSolution
		SolutionGuid = {BE622489-E4E4-4242-B098-D7B6643ADC1A}
	EndGlobalSection
EndGlobal
